<?xml version="1.0" encoding="utf-8"?>
<Project ToolsVersion="4.0" xmlns="http://schemas.microsoft.com/developer/msbuild/2003">
  <ItemGroup>
    <Filter Include="Source Files">
      <UniqueIdentifier>{4FC737F1-C7A5-4376-A066-2A32D752A2FF}</UniqueIdentifier>
      <Extensions>cpp;c;cc;cxx;c++;cppm;ixx;def;odl;idl;hpj;bat;asm;asmx</Extensions>
    </Filter>
    <Filter Include="Header Files">
      <UniqueIdentifier>{93995380-89BD-4b04-88EB-625FBE52EBFB}</UniqueIdentifier>
      <Extensions>h;hh;hpp;hxx;h++;hm;inl;inc;ipp;xsd</Extensions>
    </Filter>
    <Filter Include="Resource Files">
      <UniqueIdentifier>{67DA6AB6-F800-4c08-8B7A-83BB121AAD01}</UniqueIdentifier>
      <Extensions>rc;ico;cur;bmp;dlg;rc2;rct;bin;rgs;gif;jpg;jpeg;jpe;resx;tiff;tif;png;wav;mfcribbon-ms</Extensions>
    </Filter>
    <Filter Include="Chairloader">
      <UniqueIdentifier>{a2d95cdf-123a-4241-be9e-e51ecde3c772}</UniqueIdentifier>
    </Filter>
    <Filter Include="ImGui">
      <UniqueIdentifier>{b6742d2c-deaa-4dfa-be54-e516a1d6c39e}</UniqueIdentifier>
    </Filter>
    <Filter Include="Common">
      <UniqueIdentifier>{8d9d86a9-0ef3-4190-bb46-8cef09d213e1}</UniqueIdentifier>
    </Filter>
    <Filter Include="Common\Prey">
      <UniqueIdentifier>{89f181e7-0d1e-4fb3-92a3-d5e463eecb4b}</UniqueIdentifier>
    </Filter>
    <Filter Include="Common\Prey\Cry3DEngine">
      <UniqueIdentifier>{32207e66-baff-439f-a4a4-ef448d879c80}</UniqueIdentifier>
    </Filter>
    <Filter Include="Common\Prey\Cry3DEngine\CGF">
      <UniqueIdentifier>{9cb1ddfb-090f-404e-8da8-020c56429a65}</UniqueIdentifier>
    </Filter>
    <Filter Include="Common\Prey\CryAction">
      <UniqueIdentifier>{a32b6f72-cdc0-4be7-98bb-3e7bdb812a5d}</UniqueIdentifier>
    </Filter>
    <Filter Include="Common\Prey\CryAssert">
      <UniqueIdentifier>{0b3f1cdb-6e56-46ee-9b6d-e73f99db4f96}</UniqueIdentifier>
    </Filter>
    <Filter Include="Common\Prey\CryCore">
      <UniqueIdentifier>{d2b9e77f-0e76-4c87-9581-5079886c09fe}</UniqueIdentifier>
    </Filter>
    <Filter Include="Common\Prey\CryCore\Assert">
      <UniqueIdentifier>{9c97e20a-bd4b-4e5d-8908-a6d2df53708c}</UniqueIdentifier>
    </Filter>
    <Filter Include="Common\Prey\CryCore\Compiler">
      <UniqueIdentifier>{49375cb5-4292-4b8e-801f-075a75ad2be6}</UniqueIdentifier>
    </Filter>
    <Filter Include="Common\Prey\CryCore\Containers">
      <UniqueIdentifier>{562fca14-aabf-4732-9143-3510993cfbfc}</UniqueIdentifier>
    </Filter>
    <Filter Include="Common\Prey\CryCore\Platform">
      <UniqueIdentifier>{23a1e38b-426b-45db-8030-f613bb25b003}</UniqueIdentifier>
    </Filter>
    <Filter Include="Common\Prey\CryCore\Project">
      <UniqueIdentifier>{eb603706-a4ef-4017-9121-874e9faadc60}</UniqueIdentifier>
    </Filter>
    <Filter Include="Common\Prey\CryEntitySystem">
      <UniqueIdentifier>{aac44d27-6404-482c-b393-16d909c2bdb6}</UniqueIdentifier>
    </Filter>
    <Filter Include="Common\Prey\CryInput">
      <UniqueIdentifier>{ebe54b63-1efe-4634-bdc3-d4786fb4497b}</UniqueIdentifier>
    </Filter>
    <Filter Include="Common\Prey\CryMath">
      <UniqueIdentifier>{70d86c6d-b340-4209-84d9-61d9a90d6406}</UniqueIdentifier>
    </Filter>
    <Filter Include="Common\Prey\CryMemory">
      <UniqueIdentifier>{e50b9245-95ee-438a-a7ac-15ce3f1629af}</UniqueIdentifier>
    </Filter>
    <Filter Include="Common\Prey\CryNetwork">
      <UniqueIdentifier>{b0cea036-6022-4a78-9cee-b371e178eebe}</UniqueIdentifier>
    </Filter>
    <Filter Include="Common\Prey\CryParticleSystem">
      <UniqueIdentifier>{54219966-9cda-4f8b-80a1-3916e3b6012f}</UniqueIdentifier>
    </Filter>
    <Filter Include="Common\Prey\CryPhysics">
      <UniqueIdentifier>{06256e97-ace0-49f4-9c9b-6601bd0cc5db}</UniqueIdentifier>
    </Filter>
    <Filter Include="Common\Prey\CryRenderer">
      <UniqueIdentifier>{c1ab870b-bfb3-42bb-9bcd-9227050b1d5e}</UniqueIdentifier>
    </Filter>
    <Filter Include="Common\Prey\CrySerialization">
      <UniqueIdentifier>{114c6358-13b1-4ca7-8a6c-3de841bea35a}</UniqueIdentifier>
    </Filter>
    <Filter Include="Common\Prey\CryString">
      <UniqueIdentifier>{6dd95ce2-05ae-4103-9cf0-8e25f4ab4692}</UniqueIdentifier>
    </Filter>
    <Filter Include="Common\Prey\CrySystem">
      <UniqueIdentifier>{88977628-dcab-4a2e-8e72-4a2b9ea97e10}</UniqueIdentifier>
    </Filter>
    <Filter Include="Common\Prey\CrySystem\XML">
      <UniqueIdentifier>{dccd3b4f-6871-4550-98df-b52cd091d1d8}</UniqueIdentifier>
    </Filter>
    <Filter Include="Common\Prey\CryThreading">
      <UniqueIdentifier>{5d516fbd-7b3a-4499-8596-a08083fb7468}</UniqueIdentifier>
    </Filter>
    <Filter Include="Common\Chairloader">
      <UniqueIdentifier>{c509e8db-be01-41de-a313-15775dbae224}</UniqueIdentifier>
    </Filter>
    <Filter Include="Common\Prey\CryGame">
      <UniqueIdentifier>{6961507f-cddc-48e8-bb1a-a2893c8bec20}</UniqueIdentifier>
    </Filter>
    <Filter Include="imgui-docking">
      <UniqueIdentifier>{40c27b7c-5ed3-4784-a20a-923249a4ce86}</UniqueIdentifier>
    </Filter>
    <Filter Include="Common\imgui">
      <UniqueIdentifier>{92077461-948a-4e69-aed8-c80b2d8dae30}</UniqueIdentifier>
    </Filter>
  </ItemGroup>
  <ItemGroup>
    <ClInclude Include="ChairloaderGui.h">
      <Filter>Chairloader</Filter>
    </ClInclude>
    <ClInclude Include="pch.h">
      <Filter>Header Files</Filter>
    </ClInclude>
    <ClInclude Include="ChairLoader.h">
      <Filter>Chairloader</Filter>
    </ClInclude>
    <ClInclude Include="ChairLoaderImGui.h">
      <Filter>Chairloader</Filter>
    </ClInclude>
    <ClInclude Include="EntityManager.h">
      <Filter>Chairloader</Filter>
    </ClInclude>
    <ClInclude Include="OverlayLog.h">
      <Filter>Chairloader</Filter>
    </ClInclude>
    <ClInclude Include="PlayerManager.h">
      <Filter>Chairloader</Filter>
    </ClInclude>
    <ClInclude Include="GUIUtils.h">
      <Filter>Chairloader</Filter>
    </ClInclude>
    <ClInclude Include="PerfOverlay.h">
      <Filter>Chairloader</Filter>
    </ClInclude>
    <ClInclude Include="Profiler.h">
      <Filter>Chairloader</Filter>
    </ClInclude>
    <ClInclude Include="ImGui\imgui_widget_flamegraph.h">
      <Filter>ImGui</Filter>
    </ClInclude>
    <ClInclude Include="..\Common\mem.h">
      <Filter>Common</Filter>
    </ClInclude>
    <ClInclude Include="..\Common\preyDllObjects.h">
      <Filter>Common</Filter>
    </ClInclude>
    <ClInclude Include="..\Common\PreyFunctions.h">
      <Filter>Common</Filter>
    </ClInclude>
    <ClInclude Include="..\Common\VTableHook.h">
      <Filter>Common</Filter>
    </ClInclude>
    <ClInclude Include="..\Common\proc.h">
      <Filter>Common</Filter>
    </ClInclude>
    <ClInclude Include="DevConsoleDialog.h">
      <Filter>Chairloader</Filter>
    </ClInclude>
    <ClInclude Include="..\Common\Logging.h">
      <Filter>Common</Filter>
    </ClInclude>
    <ClInclude Include="..\Common\Prey\ArkAbilityLibrary.h">
      <Filter>Common\Prey</Filter>
    </ClInclude>
    <ClInclude Include="..\Common\Prey\ArkBasicTypes.h">
      <Filter>Common\Prey</Filter>
    </ClInclude>
    <ClInclude Include="..\Common\Prey\ArkEntityArchetypeLibrary.h">
      <Filter>Common\Prey</Filter>
    </ClInclude>
    <ClInclude Include="..\Common\Prey\ArkEntityClassLibrary.h">
      <Filter>Common\Prey</Filter>
    </ClInclude>
    <ClInclude Include="..\Common\Prey\ArkEnums.h">
      <Filter>Common\Prey</Filter>
    </ClInclude>
    <ClInclude Include="..\Common\Prey\ArkPlayer.h">
      <Filter>Common\Prey</Filter>
    </ClInclude>
    <ClInclude Include="..\Common\Prey\Cry3DEngine\CGF\CryHeaders.h">
      <Filter>Common\Prey\Cry3DEngine\CGF</Filter>
    </ClInclude>
    <ClInclude Include="..\Common\Prey\Cry3DEngine\CryPodArray.h">
      <Filter>Common\Prey\Cry3DEngine</Filter>
    </ClInclude>
    <ClInclude Include="..\Common\Prey\Cry3DEngine\I3DEngine.h">
      <Filter>Common\Prey\Cry3DEngine</Filter>
    </ClInclude>
    <ClInclude Include="..\Common\Prey\Cry3DEngine\IIndexedMesh.h">
      <Filter>Common\Prey\Cry3DEngine</Filter>
    </ClInclude>
    <ClInclude Include="..\Common\Prey\Cry3DEngine\IMeshObj.h">
      <Filter>Common\Prey\Cry3DEngine</Filter>
    </ClInclude>
    <ClInclude Include="..\Common\Prey\Cry3DEngine\IStatObj.h">
      <Filter>Common\Prey\Cry3DEngine</Filter>
    </ClInclude>
    <ClInclude Include="..\Common\Prey\CryAction\IActionMapManager.h">
      <Filter>Common\Prey\CryAction</Filter>
    </ClInclude>
    <ClInclude Include="..\Common\Prey\CryAction\IGameObject.h">
      <Filter>Common\Prey\CryAction</Filter>
    </ClInclude>
    <ClInclude Include="..\Common\Prey\CryAction\IGameObjectSystem.h">
      <Filter>Common\Prey\CryAction</Filter>
    </ClInclude>
    <ClInclude Include="..\Common\Prey\CryAction\IMovementController.h">
      <Filter>Common\Prey\CryAction</Filter>
    </ClInclude>
    <ClInclude Include="..\Common\Prey\CryAction\IViewSystem.h">
      <Filter>Common\Prey\CryAction</Filter>
    </ClInclude>
    <ClInclude Include="..\Common\Prey\CryAction\GameObject.h">
      <Filter>Common\Prey\CryAction</Filter>
    </ClInclude>
    <ClInclude Include="..\Common\Prey\CryCore\Assert\CompileTimeUtils.h">
      <Filter>Common\Prey\CryCore\Assert</Filter>
    </ClInclude>
    <ClInclude Include="..\Common\Prey\CryCore\Assert\CryAssert.h">
      <Filter>Common\Prey\CryCore\Assert</Filter>
    </ClInclude>
    <ClInclude Include="..\Common\Prey\CryCore\Assert\CompileTimeAssert.h">
      <Filter>Common\Prey\CryCore\Assert</Filter>
    </ClInclude>
    <ClInclude Include="..\Common\Prey\CryCore\Compiler\MSVCspecific.h">
      <Filter>Common\Prey\CryCore\Compiler</Filter>
    </ClInclude>
    <ClInclude Include="..\Common\Prey\CryCore\Containers\CryArray.h">
      <Filter>Common\Prey\CryCore\Containers</Filter>
    </ClInclude>
    <ClInclude Include="..\Common\Prey\CryCore\Platform\CryLibrary.h">
      <Filter>Common\Prey\CryCore\Platform</Filter>
    </ClInclude>
    <ClInclude Include="..\Common\Prey\CryCore\Platform\CryPlatform.h">
      <Filter>Common\Prey\CryCore\Platform</Filter>
    </ClInclude>
    <ClInclude Include="..\Common\Prey\CryCore\Platform\CryPlatform.Win64.h">
      <Filter>Common\Prey\CryCore\Platform</Filter>
    </ClInclude>
    <ClInclude Include="..\Common\Prey\CryCore\Platform\CryPlatformDefines.h">
      <Filter>Common\Prey\CryCore\Platform</Filter>
    </ClInclude>
    <ClInclude Include="..\Common\Prey\CryCore\Platform\CryStlConfig.h">
      <Filter>Common\Prey\CryCore\Platform</Filter>
    </ClInclude>
    <ClInclude Include="..\Common\Prey\CryCore\Platform\CryWindows.h">
      <Filter>Common\Prey\CryCore\Platform</Filter>
    </ClInclude>
    <ClInclude Include="..\Common\Prey\CryCore\Platform\IPlatformOS.h">
      <Filter>Common\Prey\CryCore\Platform</Filter>
    </ClInclude>
    <ClInclude Include="..\Common\Prey\CryCore\Platform\platform.h">
      <Filter>Common\Prey\CryCore\Platform</Filter>
    </ClInclude>
    <ClInclude Include="..\Common\Prey\CryCore\Platform\Win64specific.h">
      <Filter>Common\Prey\CryCore\Platform</Filter>
    </ClInclude>
    <ClInclude Include="..\Common\Prey\CryCore\Platform\WindowsUtils.h">
      <Filter>Common\Prey\CryCore\Platform</Filter>
    </ClInclude>
    <ClInclude Include="..\Common\Prey\CryCore\Platform\CryAtlMfc.h">
      <Filter>Common\Prey\CryCore\Platform</Filter>
    </ClInclude>
    <ClInclude Include="..\Common\Prey\CryCore\Platform\CryDLMalloc.h">
      <Filter>Common\Prey\CryCore\Platform</Filter>
    </ClInclude>
    <ClInclude Include="..\Common\Prey\CryCore\Project\ProjectDefines.h">
      <Filter>Common\Prey\CryCore\Project</Filter>
    </ClInclude>
    <ClInclude Include="..\Common\Prey\CryCore\Project\CryModuleDefs.h">
      <Filter>Common\Prey\CryCore\Project</Filter>
    </ClInclude>
    <ClInclude Include="..\Common\Prey\CryCore\CryEndian.h">
      <Filter>Common\Prey\CryCore</Filter>
    </ClInclude>
    <ClInclude Include="..\Common\Prey\CryCore\CryFlags.h">
      <Filter>Common\Prey\CryCore</Filter>
    </ClInclude>
    <ClInclude Include="..\Common\Prey\CryCore\CryTypeInfo.h">
      <Filter>Common\Prey\CryCore</Filter>
    </ClInclude>
    <ClInclude Include="..\Common\Prey\CryCore\functor.h">
      <Filter>Common\Prey\CryCore</Filter>
    </ClInclude>
    <ClInclude Include="..\Common\Prey\CryCore\MetaUtils.h">
      <Filter>Common\Prey\CryCore</Filter>
    </ClInclude>
    <ClInclude Include="..\Common\Prey\CryCore\smartptr.h">
      <Filter>Common\Prey\CryCore</Filter>
    </ClInclude>
    <ClInclude Include="..\Common\Prey\CryCore\StdAfx.h">
      <Filter>Common\Prey\CryCore</Filter>
    </ClInclude>
    <ClInclude Include="..\Common\Prey\CryCore\StlUtils.h">
      <Filter>Common\Prey\CryCore</Filter>
    </ClInclude>
    <ClInclude Include="..\Common\Prey\CryCore\stridedptr.h">
      <Filter>Common\Prey\CryCore</Filter>
    </ClInclude>
    <ClInclude Include="..\Common\Prey\CryCore\TypeInfo_decl.h">
      <Filter>Common\Prey\CryCore</Filter>
    </ClInclude>
    <ClInclude Include="..\Common\Prey\CryCore\TypeInfo_impl.h">
      <Filter>Common\Prey\CryCore</Filter>
    </ClInclude>
    <ClInclude Include="..\Common\Prey\CryCore\Wrapper.h">
      <Filter>Common\Prey\CryCore</Filter>
    </ClInclude>
    <ClInclude Include="..\Common\Prey\CryCore\BaseTypes.h">
      <Filter>Common\Prey\CryCore</Filter>
    </ClInclude>
    <ClInclude Include="..\Common\Prey\CryCore\BitMask.h">
      <Filter>Common\Prey\CryCore</Filter>
    </ClInclude>
    <ClInclude Include="..\Common\Prey\CryCore\BoostHelpers.h">
      <Filter>Common\Prey\CryCore</Filter>
    </ClInclude>
    <ClInclude Include="..\Common\Prey\CryCore\CryCrc32.h">
      <Filter>Common\Prey\CryCore</Filter>
    </ClInclude>
    <ClInclude Include="..\Common\Prey\CryCore\CryCustomTypes.h">
      <Filter>Common\Prey\CryCore</Filter>
    </ClInclude>
    <ClInclude Include="..\Common\Prey\CryEntitySystem\IEntityClass.h">
      <Filter>Common\Prey\CryEntitySystem</Filter>
    </ClInclude>
    <ClInclude Include="..\Common\Prey\CryEntitySystem\IEntityProxy.h">
      <Filter>Common\Prey\CryEntitySystem</Filter>
    </ClInclude>
    <ClInclude Include="..\Common\Prey\CryEntitySystem\IEntityRenderState.h">
      <Filter>Common\Prey\CryEntitySystem</Filter>
    </ClInclude>
    <ClInclude Include="..\Common\Prey\CryEntitySystem\IEntitySystem.h">
      <Filter>Common\Prey\CryEntitySystem</Filter>
    </ClInclude>
    <ClInclude Include="..\Common\Prey\CryEntitySystem\IComponent.h">
      <Filter>Common\Prey\CryEntitySystem</Filter>
    </ClInclude>
    <ClInclude Include="..\Common\Prey\CryEntitySystem\IEntity.h">
      <Filter>Common\Prey\CryEntitySystem</Filter>
    </ClInclude>
    <ClInclude Include="..\Common\Prey\CryInput\IHardwareMouse.h">
      <Filter>Common\Prey\CryInput</Filter>
    </ClInclude>
    <ClInclude Include="..\Common\Prey\CryInput\IInput.h">
      <Filter>Common\Prey\CryInput</Filter>
    </ClInclude>
    <ClInclude Include="..\Common\Prey\CryInput\Keyboard.h">
      <Filter>Common\Prey\CryInput</Filter>
    </ClInclude>
    <ClInclude Include="..\Common\Prey\CryInput\BaseInput.h">
      <Filter>Common\Prey\CryInput</Filter>
    </ClInclude>
    <ClInclude Include="..\Common\Prey\CryMemory\STLAlignedAlloc.h">
      <Filter>Common\Prey\CryMemory</Filter>
    </ClInclude>
    <ClInclude Include="..\Common\Prey\CryMemory\CryMemoryManager.h">
      <Filter>Common\Prey\CryMemory</Filter>
    </ClInclude>
    <ClInclude Include="..\Common\Prey\CryMemory\IGeneralMemoryHeap.h">
      <Filter>Common\Prey\CryMemory</Filter>
    </ClInclude>
    <ClInclude Include="..\Common\Prey\CryNetwork\ISerialize.h">
      <Filter>Common\Prey\CryNetwork</Filter>
    </ClInclude>
    <ClInclude Include="..\Common\Prey\CryNetwork\SerializeFwd.h">
      <Filter>Common\Prey\CryNetwork</Filter>
    </ClInclude>
    <ClInclude Include="..\Common\Prey\CryNetwork\INetwork.h">
      <Filter>Common\Prey\CryNetwork</Filter>
    </ClInclude>
    <ClInclude Include="..\Common\Prey\CryParticleSystem\Options.h">
      <Filter>Common\Prey\CryParticleSystem</Filter>
    </ClInclude>
    <ClInclude Include="..\Common\Prey\CryPhysics\physinterface.h">
      <Filter>Common\Prey\CryPhysics</Filter>
    </ClInclude>
    <ClInclude Include="..\Common\Prey\CryPhysics\polynomial.h">
      <Filter>Common\Prey\CryPhysics</Filter>
    </ClInclude>
    <ClInclude Include="..\Common\Prey\CryPhysics\primitives.h">
      <Filter>Common\Prey\CryPhysics</Filter>
    </ClInclude>
    <ClInclude Include="..\Common\Prey\CryPhysics\primitives_info.h">
      <Filter>Common\Prey\CryPhysics</Filter>
    </ClInclude>
    <ClInclude Include="..\Common\Prey\CryPhysics\RayCastQueue.h">
      <Filter>Common\Prey\CryPhysics</Filter>
    </ClInclude>
    <ClInclude Include="..\Common\Prey\CryPhysics\AgePriorityQueue.h">
      <Filter>Common\Prey\CryPhysics</Filter>
    </ClInclude>
    <ClInclude Include="..\Common\Prey\CryPhysics\DeferredActionQueue.h">
      <Filter>Common\Prey\CryPhysics</Filter>
    </ClInclude>
    <ClInclude Include="..\Common\Prey\CryPhysics\IDeferredCollisionEvent.h">
      <Filter>Common\Prey\CryPhysics</Filter>
    </ClInclude>
    <ClInclude Include="..\Common\Prey\CryPhysics\IntersectionTestQueue.h">
      <Filter>Common\Prey\CryPhysics</Filter>
    </ClInclude>
    <ClInclude Include="..\Common\Prey\CryPhysics\IPhysics.h">
      <Filter>Common\Prey\CryPhysics</Filter>
    </ClInclude>
    <ClInclude Include="..\Common\Prey\CryPhysics\IPhysicsDebugRenderer.h">
      <Filter>Common\Prey\CryPhysics</Filter>
    </ClInclude>
    <ClInclude Include="..\Common\Prey\CryRenderer\Renderer.h">
      <Filter>Common\Prey\CryRenderer</Filter>
    </ClInclude>
    <ClInclude Include="..\Common\Prey\CryRenderer\RenderPipeline.h">
      <Filter>Common\Prey\CryRenderer</Filter>
    </ClInclude>
    <ClInclude Include="..\Common\Prey\CryRenderer\RenderView.h">
      <Filter>Common\Prey\CryRenderer</Filter>
    </ClInclude>
    <ClInclude Include="..\Common\Prey\CryRenderer\Texture.h">
      <Filter>Common\Prey\CryRenderer</Filter>
    </ClInclude>
    <ClInclude Include="..\Common\Prey\CryRenderer\VertexFormats.h">
      <Filter>Common\Prey\CryRenderer</Filter>
    </ClInclude>
    <ClInclude Include="..\Common\Prey\CryRenderer\CommonResource.h">
      <Filter>Common\Prey\CryRenderer</Filter>
    </ClInclude>
    <ClInclude Include="..\Common\Prey\CryRenderer\CryDX.h">
      <Filter>Common\Prey\CryRenderer</Filter>
    </ClInclude>
    <ClInclude Include="..\Common\Prey\CryRenderer\DeviceResources.h">
      <Filter>Common\Prey\CryRenderer</Filter>
    </ClInclude>
    <ClInclude Include="..\Common\Prey\CryRenderer\DeviceTexture.h">
      <Filter>Common\Prey\CryRenderer</Filter>
    </ClInclude>
    <ClInclude Include="..\Common\Prey\CryRenderer\IRenderer.h">
      <Filter>Common\Prey\CryRenderer</Filter>
    </ClInclude>
    <ClInclude Include="..\Common\Prey\CryRenderer\ITexture.h">
      <Filter>Common\Prey\CryRenderer</Filter>
    </ClInclude>
    <ClInclude Include="..\Common\Prey\CrySerialization\Forward.h">
      <Filter>Common\Prey\CrySerialization</Filter>
    </ClInclude>
    <ClInclude Include="..\Common\Prey\CryString\HashedString.h">
      <Filter>Common\Prey\CryString</Filter>
    </ClInclude>
    <ClInclude Include="..\Common\Prey\CryString\Name_TypeInfo.h">
      <Filter>Common\Prey\CryString</Filter>
    </ClInclude>
    <ClInclude Include="..\Common\Prey\CryString\NameCRCHelper.h">
      <Filter>Common\Prey\CryString</Filter>
    </ClInclude>
    <ClInclude Include="..\Common\Prey\CryString\StringUtils.h">
      <Filter>Common\Prey\CryString</Filter>
    </ClInclude>
    <ClInclude Include="..\Common\Prey\CryString\UnicodeBinding.h">
      <Filter>Common\Prey\CryString</Filter>
    </ClInclude>
    <ClInclude Include="..\Common\Prey\CryString\UnicodeEncoding.h">
      <Filter>Common\Prey\CryString</Filter>
    </ClInclude>
    <ClInclude Include="..\Common\Prey\CryString\UnicodeFunctions.h">
      <Filter>Common\Prey\CryString</Filter>
    </ClInclude>
    <ClInclude Include="..\Common\Prey\CryString\UnicodeIterator.h">
      <Filter>Common\Prey\CryString</Filter>
    </ClInclude>
    <ClInclude Include="..\Common\Prey\CryString\CryFixedString.h">
      <Filter>Common\Prey\CryString</Filter>
    </ClInclude>
    <ClInclude Include="..\Common\Prey\CryString\CryName.h">
      <Filter>Common\Prey\CryString</Filter>
    </ClInclude>
    <ClInclude Include="..\Common\Prey\CryString\CryPath.h">
      <Filter>Common\Prey\CryString</Filter>
    </ClInclude>
    <ClInclude Include="..\Common\Prey\CryString\CryString.h">
      <Filter>Common\Prey\CryString</Filter>
    </ClInclude>
    <ClInclude Include="..\Common\Prey\CryString\CryStringUtils.h">
      <Filter>Common\Prey\CryString</Filter>
    </ClInclude>
    <ClInclude Include="..\Common\Prey\CrySystem\XML\XMLAttrReader.h">
      <Filter>Common\Prey\CrySystem\XML</Filter>
    </ClInclude>
    <ClInclude Include="..\Common\Prey\CrySystem\XML\XMLBinaryHeaders.h">
      <Filter>Common\Prey\CrySystem\XML</Filter>
    </ClInclude>
    <ClInclude Include="..\Common\Prey\CrySystem\XML\IReadWriteXMLSink.h">
      <Filter>Common\Prey\CrySystem\XML</Filter>
    </ClInclude>
    <ClInclude Include="..\Common\Prey\CrySystem\XML\IXml.h">
      <Filter>Common\Prey\CrySystem\XML</Filter>
    </ClInclude>
    <ClInclude Include="..\Common\Prey\CrySystem\ITimer.h">
      <Filter>Common\Prey\CrySystem</Filter>
    </ClInclude>
    <ClInclude Include="..\Common\Prey\CrySystem\Profiling.h">
      <Filter>Common\Prey\CrySystem</Filter>
    </ClInclude>
    <ClInclude Include="..\Common\Prey\CrySystem\TimeValue.h">
      <Filter>Common\Prey\CrySystem</Filter>
    </ClInclude>
    <ClInclude Include="..\Common\Prey\CrySystem\TimeValue_info.h">
      <Filter>Common\Prey\CrySystem</Filter>
    </ClInclude>
    <ClInclude Include="..\Common\Prey\CrySystem\CryUtils.h">
      <Filter>Common\Prey\CrySystem</Filter>
    </ClInclude>
    <ClInclude Include="..\Common\Prey\CrySystem\CryVersion.h">
      <Filter>Common\Prey\CrySystem</Filter>
    </ClInclude>
    <ClInclude Include="..\Common\Prey\CrySystem\HardwareMouse.h">
      <Filter>Common\Prey\CrySystem</Filter>
    </ClInclude>
    <ClInclude Include="..\Common\Prey\CrySystem\IConsole.h">
      <Filter>Common\Prey\CrySystem</Filter>
    </ClInclude>
    <ClInclude Include="..\Common\Prey\CrySystem\ILocalizationManager.h">
      <Filter>Common\Prey\CrySystem</Filter>
    </ClInclude>
    <ClInclude Include="..\Common\Prey\CrySystem\ILog.h">
      <Filter>Common\Prey\CrySystem</Filter>
    </ClInclude>
    <ClInclude Include="..\Common\Prey\CrySystem\IMiniLog.h">
      <Filter>Common\Prey\CrySystem</Filter>
    </ClInclude>
    <ClInclude Include="..\Common\Prey\CrySystem\IProcess.h">
      <Filter>Common\Prey\CrySystem</Filter>
    </ClInclude>
    <ClInclude Include="..\Common\Prey\CrySystem\ISystem.h">
      <Filter>Common\Prey\CrySystem</Filter>
    </ClInclude>
    <ClInclude Include="..\Common\Prey\CryThreading\IJobManager.h">
      <Filter>Common\Prey\CryThreading</Filter>
    </ClInclude>
    <ClInclude Include="..\Common\Prey\CryThreading\IThreadTask.h">
      <Filter>Common\Prey\CryThreading</Filter>
    </ClInclude>
    <ClInclude Include="..\Common\Prey\CryThreading\CryAtomics.h">
      <Filter>Common\Prey\CryThreading</Filter>
    </ClInclude>
    <ClInclude Include="..\Common\Prey\CryThreading\CryAtomics_win32.h">
      <Filter>Common\Prey\CryThreading</Filter>
    </ClInclude>
    <ClInclude Include="..\Common\Prey\CryThreading\CryThread_win32.h">
      <Filter>Common\Prey\CryThreading</Filter>
    </ClInclude>
    <ClInclude Include="..\Common\Prey\CryCore\Assert\CryAssert_impl.h">
      <Filter>Common\Prey\CryCore\Assert</Filter>
    </ClInclude>
    <ClInclude Include="..\Common\Prey\CryAssert\CryAssert_Windows.h">
      <Filter>Common\Prey\CryAssert</Filter>
    </ClInclude>
    <ClInclude Include="..\Common\Prey\CrySystem\IValidator.h">
      <Filter>Common\Prey\CrySystem</Filter>
    </ClInclude>
    <ClInclude Include="..\Common\Prey\CryMath\Cry_GeoProjection.h">
      <Filter>Common\Prey\CryMath</Filter>
    </ClInclude>
    <ClInclude Include="..\Common\Prey\CryMath\Cry_Math.h">
      <Filter>Common\Prey\CryMath</Filter>
    </ClInclude>
    <ClInclude Include="..\Common\Prey\CryMath\Cry_Math_SSE.h">
      <Filter>Common\Prey\CryMath</Filter>
    </ClInclude>
    <ClInclude Include="..\Common\Prey\CryMath\Cry_Matrix33.h">
      <Filter>Common\Prey\CryMath</Filter>
    </ClInclude>
    <ClInclude Include="..\Common\Prey\CryMath\Cry_Matrix34.h">
      <Filter>Common\Prey\CryMath</Filter>
    </ClInclude>
    <ClInclude Include="..\Common\Prey\CryMath\Cry_Matrix34H.h">
      <Filter>Common\Prey\CryMath</Filter>
    </ClInclude>
    <ClInclude Include="..\Common\Prey\CryMath\Cry_Matrix44.h">
      <Filter>Common\Prey\CryMath</Filter>
    </ClInclude>
    <ClInclude Include="..\Common\Prey\CryMath\Cry_Matrix44H.h">
      <Filter>Common\Prey\CryMath</Filter>
    </ClInclude>
    <ClInclude Include="..\Common\Prey\CryMath\Cry_MatrixDiag.h">
      <Filter>Common\Prey\CryMath</Filter>
    </ClInclude>
    <ClInclude Include="..\Common\Prey\CryMath\Cry_Quat.h">
      <Filter>Common\Prey\CryMath</Filter>
    </ClInclude>
    <ClInclude Include="..\Common\Prey\CryMath\Cry_ValidNumber.h">
      <Filter>Common\Prey\CryMath</Filter>
    </ClInclude>
    <ClInclude Include="..\Common\Prey\CryMath\Cry_Vector2.h">
      <Filter>Common\Prey\CryMath</Filter>
    </ClInclude>
    <ClInclude Include="..\Common\Prey\CryMath\Cry_Vector3.h">
      <Filter>Common\Prey\CryMath</Filter>
    </ClInclude>
    <ClInclude Include="..\Common\Prey\CryMath\Cry_Vector4.h">
      <Filter>Common\Prey\CryMath</Filter>
    </ClInclude>
    <ClInclude Include="..\Common\Prey\CryMath\Cry_Vector4H.h">
      <Filter>Common\Prey\CryMath</Filter>
    </ClInclude>
    <ClInclude Include="..\Common\Prey\CryMath\Cry_XOptimise.h">
      <Filter>Common\Prey\CryMath</Filter>
    </ClInclude>
    <ClInclude Include="..\Common\Prey\CryMath\CryHalf_info.h">
      <Filter>Common\Prey\CryMath</Filter>
    </ClInclude>
    <ClInclude Include="..\Common\Prey\CryMath\CryRandomInternal.h">
      <Filter>Common\Prey\CryMath</Filter>
    </ClInclude>
    <ClInclude Include="..\Common\Prey\CryMath\FinalizingSpline.h">
      <Filter>Common\Prey\CryMath</Filter>
    </ClInclude>
    <ClInclude Include="..\Common\Prey\CryMath\GeomQuery.h">
      <Filter>Common\Prey\CryMath</Filter>
    </ClInclude>
    <ClInclude Include="..\Common\Prey\CryMath\ISplines.h">
      <Filter>Common\Prey\CryMath</Filter>
    </ClInclude>
    <ClInclude Include="..\Common\Prey\CryMath\ISplineSerialization_impl.h">
      <Filter>Common\Prey\CryMath</Filter>
    </ClInclude>
    <ClInclude Include="..\Common\Prey\CryMath\LCGRandom.h">
      <Filter>Common\Prey\CryMath</Filter>
    </ClInclude>
    <ClInclude Include="..\Common\Prey\CryMath\MTPseudoRandom.h">
      <Filter>Common\Prey\CryMath</Filter>
    </ClInclude>
    <ClInclude Include="..\Common\Prey\CryMath\NumberVector.h">
      <Filter>Common\Prey\CryMath</Filter>
    </ClInclude>
    <ClInclude Include="..\Common\Prey\CryMath\PNoise3.h">
      <Filter>Common\Prey\CryMath</Filter>
    </ClInclude>
    <ClInclude Include="..\Common\Prey\CryMath\QTangent.h">
      <Filter>Common\Prey\CryMath</Filter>
    </ClInclude>
    <ClInclude Include="..\Common\Prey\CryMath\RadixSort.h">
      <Filter>Common\Prey\CryMath</Filter>
    </ClInclude>
    <ClInclude Include="..\Common\Prey\CryMath\RadixSortImpl.h">
      <Filter>Common\Prey\CryMath</Filter>
    </ClInclude>
    <ClInclude Include="..\Common\Prey\CryMath\Random.h">
      <Filter>Common\Prey\CryMath</Filter>
    </ClInclude>
    <ClInclude Include="..\Common\Prey\CryMath\Range.h">
      <Filter>Common\Prey\CryMath</Filter>
    </ClInclude>
    <ClInclude Include="..\Common\Prey\CryMath\Rotation.h">
      <Filter>Common\Prey\CryMath</Filter>
    </ClInclude>
    <ClInclude Include="..\Common\Prey\CryMath\SimpleHashLookUp.h">
      <Filter>Common\Prey\CryMath</Filter>
    </ClInclude>
    <ClInclude Include="..\Common\Prey\CryMath\SNoise.h">
      <Filter>Common\Prey\CryMath</Filter>
    </ClInclude>
    <ClInclude Include="..\Common\Prey\CryMath\TCBSpline.h">
      <Filter>Common\Prey\CryMath</Filter>
    </ClInclude>
    <ClInclude Include="..\Common\Prey\CryMath\Transform.h">
      <Filter>Common\Prey\CryMath</Filter>
    </ClInclude>
    <ClInclude Include="..\Common\Prey\CryMath\AABBSV.h">
      <Filter>Common\Prey\CryMath</Filter>
    </ClInclude>
    <ClInclude Include="..\Common\Prey\CryMath\Angle.h">
      <Filter>Common\Prey\CryMath</Filter>
    </ClInclude>
    <ClInclude Include="..\Common\Prey\CryMath\Bezier.h">
      <Filter>Common\Prey\CryMath</Filter>
    </ClInclude>
    <ClInclude Include="..\Common\Prey\CryMath\Bezier_impl.h">
      <Filter>Common\Prey\CryMath</Filter>
    </ClInclude>
    <ClInclude Include="..\Common\Prey\CryMath\Cry_Camera.h">
      <Filter>Common\Prey\CryMath</Filter>
    </ClInclude>
    <ClInclude Include="..\Common\Prey\CryMath\Cry_Color.h">
      <Filter>Common\Prey\CryMath</Filter>
    </ClInclude>
    <ClInclude Include="..\Common\Prey\CryMath\Cry_Geo.h">
      <Filter>Common\Prey\CryMath</Filter>
    </ClInclude>
    <ClInclude Include="..\Common\Prey\CryMath\Cry_GeoDistance.h">
      <Filter>Common\Prey\CryMath</Filter>
    </ClInclude>
    <ClInclude Include="..\Common\Prey\CryMath\Cry_GeoIntersect.h">
      <Filter>Common\Prey\CryMath</Filter>
    </ClInclude>
    <ClInclude Include="..\Common\Prey\CryMath\Cry_GeoOverlap.h">
      <Filter>Common\Prey\CryMath</Filter>
    </ClInclude>
    <ClInclude Include="..\Common\Prey\CryCore\BitFiddling.h">
      <Filter>Common\Prey\CryCore</Filter>
    </ClInclude>
    <ClInclude Include="..\Common\ChairLoader\PreyFunction.h">
      <Filter>Common\Chairloader</Filter>
    </ClInclude>
    <ClInclude Include="..\Common\ChairLoader\FunctionHook.h">
      <Filter>Common\Chairloader</Filter>
    </ClInclude>
    <ClInclude Include="..\Common\Prey\CryGame\Game.h">
      <Filter>Common\Prey\CryGame</Filter>
    </ClInclude>
    <ClInclude Include="..\Common\Prey\CrySystem\ICmdLine.h">
      <Filter>Common\Prey\CrySystem</Filter>
    </ClInclude>
    <ClInclude Include="..\Common\Prey\CrySystem\System.h">
      <Filter>Common\Prey\CrySystem</Filter>
    </ClInclude>
    <ClInclude Include="LibD3D11.h">
      <Filter>Chairloader</Filter>
    </ClInclude>
    <ClInclude Include="CScriptBind_Ark.h">
      <Filter>Common\Prey</Filter>
    </ClInclude>
    <ClInclude Include="CScriptableBase.h">
      <Filter>Common\Prey</Filter>
    </ClInclude>
    <ClInclude Include="ChairloaderConfigManager.h">
      <Filter>Chairloader</Filter>
    </ClInclude>
    <ClInclude Include="..\Common\Prey\ArkPlayerFatigueComponent.h">
      <Filter>Common\Prey</Filter>
    </ClInclude>
    <ClInclude Include="..\Common\Prey\ArkStats.h">
      <Filter>Common\Prey</Filter>
    </ClInclude>
    <ClInclude Include="..\Common\Prey\ArkPlayerComponent.h">
      <Filter>Common\Prey</Filter>
    </ClInclude>
    <ClInclude Include="..\Common\Prey\ArkReflectedObject.h">
      <Filter>Common\Prey</Filter>
    </ClInclude>
    <ClInclude Include="..\Common\Prey\ArkPlayerStatus.h">
      <Filter>Common\Prey</Filter>
    </ClInclude>
    <ClInclude Include="..\Common\Prey\ArkPsiComponent.h">
      <Filter>Common\Prey</Filter>
    </ClInclude>
    <ClInclude Include="..\Common\Prey\ArkMetaTag.h">
      <Filter>Common\Prey</Filter>
    </ClInclude>
    <ClInclude Include="..\Common\Prey\ArkHud.h">
      <Filter>Common\Prey</Filter>
    </ClInclude>
    <ClInclude Include="..\Common\Prey\ArkProjectile.h">
      <Filter>Common\Prey</Filter>
    </ClInclude>
    <ClInclude Include="..\Common\Prey\Graphics.h">
      <Filter>Common\Prey</Filter>
    </ClInclude>
    <ClInclude Include="..\Common\Prey\ArkItemSystem.h">
      <Filter>Common\Prey</Filter>
    </ClInclude>
    <ClInclude Include="..\Common\Prey\ArkNpc.h">
      <Filter>Common\Prey</Filter>
    </ClInclude>
    <ClInclude Include="..\Common\Prey\ArkMaterialAnimation.h">
      <Filter>Common\Prey</Filter>
    </ClInclude>
    <ClInclude Include="..\Common\Prey\ArkSignalSystem.h">
      <Filter>Common\Prey</Filter>
    </ClInclude>
    <ClInclude Include="..\Common\Prey\ArkEffect.h">
      <Filter>Common\Prey</Filter>
    </ClInclude>
    <ClInclude Include="..\Common\Prey\Mannequin.h">
      <Filter>Common\Prey</Filter>
    </ClInclude>
    <ClInclude Include="..\Common\Prey\ArkSpatial.h">
      <Filter>Common\Prey</Filter>
    </ClInclude>
    <ClInclude Include="..\Common\Prey\ArkTimer.h">
      <Filter>Common\Prey</Filter>
    </ClInclude>
    <ClInclude Include="..\Common\Prey\ArkSpeaker.h">
      <Filter>Common\Prey</Filter>
    </ClInclude>
    <ClInclude Include="..\Common\Prey\ArkInput.h">
      <Filter>Common\Prey</Filter>
    </ClInclude>
    <ClInclude Include="..\Common\Prey\ArkAudio.h">
      <Filter>Common\Prey</Filter>
    </ClInclude>
    <ClInclude Include="..\Common\Prey\ArkPlayerLight.h">
      <Filter>Common\Prey</Filter>
    </ClInclude>
    <ClInclude Include="..\Common\Prey\IAttachment.h">
      <Filter>Common\Prey</Filter>
    </ClInclude>
    <ClInclude Include="..\Common\Prey\IAntiCheatManager.h">
      <Filter>Common\Prey</Filter>
    </ClInclude>
    <ClInclude Include="..\Common\Prey\IArkPlayer.h">
      <Filter>Common\Prey</Filter>
    </ClInclude>
    <ClInclude Include="..\Common\Prey\IProxy.h">
      <Filter>Common\Prey</Filter>
    </ClInclude>
    <ClInclude Include="..\Common\imgui\imconfig.h">
      <Filter>Common\imgui</Filter>
    </ClInclude>
    <ClInclude Include="..\Common\imgui\imgui.h">
      <Filter>Common\imgui</Filter>
    </ClInclude>
    <ClInclude Include="..\Common\imgui\imgui_internal.h">
      <Filter>Common\imgui</Filter>
    </ClInclude>
    <ClInclude Include="..\Common\imgui\misc\single_file\imgui_single_file.h">
      <Filter>Common\imgui</Filter>
    </ClInclude>
    <ClInclude Include="..\Common\imgui\misc\cpp\imgui_stdlib.h">
      <Filter>Common\imgui</Filter>
    </ClInclude>
    <ClInclude Include="..\Common\imgui\imstb_rectpack.h">
      <Filter>Common\imgui</Filter>
    </ClInclude>
    <ClInclude Include="..\Common\imgui\imstb_textedit.h">
      <Filter>Common\imgui</Filter>
    </ClInclude>
    <ClInclude Include="..\Common\imgui\imstb_truetype.h">
      <Filter>Common\imgui</Filter>
    </ClInclude>
    <ClInclude Include="..\Common\Prey\CryGame\IGame.h">
      <Filter>Common\Prey\CryGame</Filter>
    </ClInclude>
    <ClInclude Include="..\Common\Prey\CryAction\IAction.h">
      <Filter>Common\Prey\CryAction</Filter>
    </ClInclude>
    <ClInclude Include="..\Common\Prey\RayCast.h">
      <Filter>Common\Prey</Filter>
    </ClInclude>
    <ClInclude Include="..\Common\ChairLoader\IChairloaderMod.h">
      <Filter>Common\Chairloader</Filter>
    </ClInclude>
    <ClInclude Include="..\Common\ChairLoader\IChairloaderConfigManager.h">
      <Filter>Common\Chairloader</Filter>
    </ClInclude>
    <ClInclude Include="..\Common\EntityUtils.h">
      <Filter>Common</Filter>
    </ClInclude>
    <ClInclude Include="..\Common\ChairLoader\IChairloader.h">
      <Filter>Common\Chairloader</Filter>
    </ClInclude>
    <ClInclude Include="..\Common\ChairLoader\IChairloaderGui.h">
      <Filter>Common\Chairloader</Filter>
    </ClInclude>
    <ClInclude Include="..\Common\ChairLoader\ChairloaderEnv.h">
      <Filter>Common\Chairloader</Filter>
    </ClInclude>
    <ClInclude Include="IChairloaderEnv.h">
      <Filter>Common\Chairloader</Filter>
    </ClInclude>
  </ItemGroup>
  <ItemGroup>
    <ClCompile Include="dllmain.cpp">
      <Filter>Chairloader</Filter>
    </ClCompile>
    <ClCompile Include="ChairloaderGui.cpp">
      <Filter>Chairloader</Filter>
    </ClCompile>
    <ClCompile Include="pch.cpp">
      <Filter>Header Files</Filter>
    </ClCompile>
    <ClCompile Include="ChairLoader.cpp">
      <Filter>Chairloader</Filter>
    </ClCompile>
    <ClCompile Include="ChairLoaderImGui.cpp">
      <Filter>Chairloader</Filter>
    </ClCompile>
    <ClCompile Include="PerfOverlay.cpp">
      <Filter>Chairloader</Filter>
    </ClCompile>
    <ClCompile Include="Profiler.cpp">
      <Filter>Chairloader</Filter>
    </ClCompile>
    <ClCompile Include="ImGui\imgui_widget_flamegraph.cpp">
      <Filter>ImGui</Filter>
    </ClCompile>
    <ClCompile Include="..\Common\mem.cpp">
      <Filter>Common</Filter>
    </ClCompile>
    <ClCompile Include="..\Common\PreyDllObjects.cpp">
      <Filter>Common</Filter>
    </ClCompile>
    <ClCompile Include="..\Common\PreyFunctions.cpp">
      <Filter>Common</Filter>
    </ClCompile>
    <ClCompile Include="..\Common\VTableHook.cpp">
      <Filter>Common</Filter>
    </ClCompile>
    <ClCompile Include="..\Common\proc.cpp">
      <Filter>Common</Filter>
    </ClCompile>
    <ClCompile Include="DevConsoleDialog.cpp">
      <Filter>Chairloader</Filter>
    </ClCompile>
    <ClCompile Include="..\Common\Logging.cpp">
      <Filter>Common</Filter>
    </ClCompile>
    <ClCompile Include="..\Common\Prey\CryRenderer\Texture.cpp">
      <Filter>Common\Prey\CryRenderer</Filter>
    </ClCompile>
    <ClCompile Include="HeaderTestFile.cpp">
      <Filter>Chairloader</Filter>
    </ClCompile>
    <ClCompile Include="OverlayLog.cpp">
      <Filter>Chairloader</Filter>
    </ClCompile>
    <ClCompile Include="EntityManager.cpp">
      <Filter>Chairloader</Filter>
    </ClCompile>
    <ClCompile Include="PlayerManager.cpp">
      <Filter>Chairloader</Filter>
    </ClCompile>
    <ClCompile Include="..\Common\ChairLoader\PreyFunction.cpp">
      <Filter>Common\Chairloader</Filter>
    </ClCompile>
    <ClCompile Include="..\Common\ChairLoader\FunctionHook.cpp">
      <Filter>Common\Chairloader</Filter>
    </ClCompile>
    <ClCompile Include="ChairloaderConfigManager.cpp">
      <Filter>Chairloader</Filter>
    </ClCompile>
    <ClCompile Include="..\Common\imgui\misc\fonts\binary_to_compressed_c.cpp">
      <Filter>Common\imgui</Filter>
    </ClCompile>
    <ClCompile Include="..\Common\imgui\imgui.cpp">
      <Filter>Common\imgui</Filter>
    </ClCompile>
    <ClCompile Include="..\Common\imgui\imgui_demo.cpp">
      <Filter>Common\imgui</Filter>
    </ClCompile>
    <ClCompile Include="..\Common\imgui\imgui_draw.cpp">
      <Filter>Common\imgui</Filter>
    </ClCompile>
    <ClCompile Include="..\Common\imgui\misc\cpp\imgui_stdlib.cpp">
      <Filter>Common\imgui</Filter>
    </ClCompile>
    <ClCompile Include="..\Common\imgui\imgui_tables.cpp">
      <Filter>Common\imgui</Filter>
    </ClCompile>
    <ClCompile Include="..\Common\imgui\imgui_widgets.cpp">
      <Filter>Common\imgui</Filter>
    </ClCompile>
    <ClCompile Include="..\Common\EntityUtils.cpp">
      <Filter>Common</Filter>
    </ClCompile>
  </ItemGroup>
  <ItemGroup>
    <Text Include="EntityArchetypesList.txt" />
    <Text Include="codeArchive.txt" />
  </ItemGroup>
  <ItemGroup>
    <None Include="ClassDiagram.cd" />
    <None Include="..\Common\Prey\CryCore\Platform\platform_impl.inl">
      <Filter>Common\Prey\CryCore\Platform</Filter>
    </None>
    <None Include="..\Common\Prey\CryCore\CryTypeInfo.inl">
      <Filter>Common\Prey\CryCore</Filter>
    </None>
    <None Include="..\Common\Prey\CryMath\CryHalf.inl">
      <Filter>Common\Prey\CryMath</Filter>
    </None>
    <None Include="..\Common\Prey\CryMath\GeomQuery.inl">
      <Filter>Common\Prey\CryMath</Filter>
    </None>
    <None Include="..\imgui\examples\example_emscripten_opengl3\shell_minimal.html" />
    <None Include="..\imgui\examples\example_emscripten_wgpu\web\index.html" />
  </ItemGroup>
  <ItemGroup>
    <Xml Include="testconfig.xml">
      <Filter>Chairloader</Filter>
    </Xml>
  </ItemGroup>
</Project>