<?xml version="1.0" encoding="utf-8"?>
<Project ToolsVersion="4.0" xmlns="http://schemas.microsoft.com/developer/msbuild/2003">
  <ItemGroup>
    <Filter Include="Source Files">
      <UniqueIdentifier>{4FC737F1-C7A5-4376-A066-2A32D752A2FF}</UniqueIdentifier>
      <Extensions>cpp;c;cc;cxx;c++;cppm;ixx;def;odl;idl;hpj;bat;asm;asmx</Extensions>
    </Filter>
    <Filter Include="Header Files">
      <UniqueIdentifier>{93995380-89BD-4b04-88EB-625FBE52EBFB}</UniqueIdentifier>
      <Extensions>h;hh;hpp;hxx;h++;hm;inl;inc;ipp;xsd</Extensions>
    </Filter>
    <Filter Include="Resource Files">
      <UniqueIdentifier>{67DA6AB6-F800-4c08-8B7A-83BB121AAD01}</UniqueIdentifier>
      <Extensions>rc;ico;cur;bmp;dlg;rc2;rct;bin;rgs;gif;jpg;jpeg;jpe;resx;tiff;tif;png;wav;mfcribbon-ms</Extensions>
    </Filter>
    <Filter Include="Chairloader">
      <UniqueIdentifier>{a2d95cdf-123a-4241-be9e-e51ecde3c772}</UniqueIdentifier>
    </Filter>
    <Filter Include="Prey">
      <UniqueIdentifier>{fcc57aea-6c99-420f-b126-e240bedc8041}</UniqueIdentifier>
    </Filter>
    <Filter Include="pugixml">
      <UniqueIdentifier>{c4bfa91b-57fd-44a7-af50-3bcf92ed6786}</UniqueIdentifier>
    </Filter>
    <Filter Include="Prey\CrySystem">
      <UniqueIdentifier>{54b6ee91-aa5b-4515-9774-aef13f7c6632}</UniqueIdentifier>
    </Filter>
    <Filter Include="Prey\CryInput">
      <UniqueIdentifier>{0d0fa3a3-efc8-4704-86e6-d0d755977028}</UniqueIdentifier>
    </Filter>
    <Filter Include="Prey\CryRenderer">
      <UniqueIdentifier>{5b47143b-c775-45dd-acae-b17be64bbb82}</UniqueIdentifier>
    </Filter>
    <Filter Include="Prey\CryMath">
      <UniqueIdentifier>{49fce3df-66d7-4359-b3de-7b698f5efe15}</UniqueIdentifier>
    </Filter>
    <Filter Include="Prey\CryCore">
      <UniqueIdentifier>{c1aecf6c-cd6d-48dc-9fbc-641940d3de4b}</UniqueIdentifier>
    </Filter>
    <Filter Include="Prey\CryCore\Compiler">
      <UniqueIdentifier>{ba37ab3a-710a-4d05-b00e-13884f97679d}</UniqueIdentifier>
    </Filter>
    <Filter Include="Prey\CryNetwork">
      <UniqueIdentifier>{c5d7683f-e49b-4ae4-b5df-83e5e018756f}</UniqueIdentifier>
    </Filter>
    <Filter Include="Prey\CryThreading">
      <UniqueIdentifier>{fc931bb6-3df7-4d31-af25-f2d448b06228}</UniqueIdentifier>
    </Filter>
    <Filter Include="ImGui">
      <UniqueIdentifier>{b6742d2c-deaa-4dfa-be54-e516a1d6c39e}</UniqueIdentifier>
    </Filter>
  </ItemGroup>
  <ItemGroup>
    <ClInclude Include="framework.h">
      <Filter>Header Files</Filter>
    </ClInclude>
    <ClInclude Include="PreyFunctions.h">
      <Filter>Prey</Filter>
    </ClInclude>
    <ClInclude Include="ChairloaderUtils.h">
      <Filter>Chairloader</Filter>
    </ClInclude>
    <ClInclude Include="preyDllObjects.h">
      <Filter>Prey</Filter>
    </ClInclude>
    <ClInclude Include="ArkBasicTypes.h">
      <Filter>Prey</Filter>
    </ClInclude>
    <ClInclude Include="ArkEntityClassLibrary.h">
      <Filter>Prey</Filter>
    </ClInclude>
    <ClInclude Include="ArkEntityArchetypeLibrary.h">
      <Filter>Prey</Filter>
    </ClInclude>
    <ClInclude Include="ArkEnums.h">
      <Filter>Prey</Filter>
    </ClInclude>
    <ClInclude Include="mem.h">
      <Filter>Resource Files</Filter>
    </ClInclude>
    <ClInclude Include="proc.h">
      <Filter>Resource Files</Filter>
    </ClInclude>
    <ClInclude Include="ArkAbilityLibrary.h">
      <Filter>Prey</Filter>
    </ClInclude>
    <ClInclude Include="ChairloaderGui.h">
      <Filter>Chairloader</Filter>
    </ClInclude>
    <ClInclude Include="pch.h">
      <Filter>Header Files</Filter>
    </ClInclude>
    <ClInclude Include="ChairLoader.h">
      <Filter>Chairloader</Filter>
    </ClInclude>
    <ClInclude Include="CharLoaderImGui.h">
      <Filter>Chairloader</Filter>
    </ClInclude>
    <ClInclude Include="Prey\CrySystem\ISystem.h">
      <Filter>Prey\CrySystem</Filter>
    </ClInclude>
    <ClInclude Include="Prey\CryInput\BaseInput.h">
      <Filter>Prey\CryInput</Filter>
    </ClInclude>
    <ClInclude Include="Prey\CryInput\IInput.h">
      <Filter>Prey\CryInput</Filter>
    </ClInclude>
    <ClInclude Include="Prey\CryInput\IHardwareMouse.h">
      <Filter>Prey\CryInput</Filter>
    </ClInclude>
    <ClInclude Include="Prey\CrySystem\HardwareMouse.h">
      <Filter>Prey\CrySystem</Filter>
    </ClInclude>
    <ClInclude Include="Prey\CryRenderer\IRenderer.h">
      <Filter>Prey\CryRenderer</Filter>
    </ClInclude>
    <ClInclude Include="Prey\CryMath\Cry_Matrix44.h">
      <Filter>Prey\CryMath</Filter>
    </ClInclude>
    <ClInclude Include="Prey\CryCore\platform.h">
      <Filter>Prey\CryCore</Filter>
    </ClInclude>
    <ClInclude Include="Prey\CryMath\Cry_MatrixDiag.h">
      <Filter>Prey\CryMath</Filter>
    </ClInclude>
    <ClInclude Include="Prey\CryMath\Cry_Matrix33.h">
      <Filter>Prey\CryMath</Filter>
    </ClInclude>
    <ClInclude Include="Prey\CryCore\BaseTypes.h">
      <Filter>Prey\CryCore</Filter>
    </ClInclude>
    <ClInclude Include="Prey\CryCore\Compiler\MSVCspecific.h">
      <Filter>Prey\CryCore\Compiler</Filter>
    </ClInclude>
    <ClInclude Include="Prey\CryMath\Cry_Vector2.h">
      <Filter>Prey\CryMath</Filter>
    </ClInclude>
    <ClInclude Include="Prey\CryMath\Cry_Vector3.h">
      <Filter>Prey\CryMath</Filter>
    </ClInclude>
    <ClInclude Include="Prey\CryMath\Cry_Vector4.h">
      <Filter>Prey\CryMath</Filter>
    </ClInclude>
    <ClInclude Include="Prey\CryMath\Cry_Math.h">
      <Filter>Prey\CryMath</Filter>
    </ClInclude>
    <ClInclude Include="Prey\CryRenderer\Renderer.h">
      <Filter>Prey\CryRenderer</Filter>
    </ClInclude>
    <ClInclude Include="Prey\CryRenderer\ITexture.h">
      <Filter>Prey\CryRenderer</Filter>
    </ClInclude>
    <ClInclude Include="Prey\CryRenderer\CommonResource.h">
      <Filter>Prey\CryRenderer</Filter>
    </ClInclude>
    <ClInclude Include="Prey\CryRenderer\Texture.h">
      <Filter>Prey\CryRenderer</Filter>
    </ClInclude>
    <ClInclude Include="Prey\CryRenderer\DeviceResources.h">
      <Filter>Prey\CryRenderer</Filter>
    </ClInclude>
    <ClInclude Include="Prey\CrySystem\ITimer.h">
      <Filter>Prey\CrySystem</Filter>
    </ClInclude>
    <ClInclude Include="Prey\CryNetwork\ISerialize.h">
      <Filter>Prey\CryNetwork</Filter>
    </ClInclude>
    <ClInclude Include="ChairloaderGUIConsole.h">
      <Filter>Chairloader</Filter>
    </ClInclude>
    <ClInclude Include="ChairloaderGUIEntityManager.h">
      <Filter>Chairloader</Filter>
    </ClInclude>
    <ClInclude Include="ChairloaderGUILog.h">
      <Filter>Chairloader</Filter>
    </ClInclude>
    <ClInclude Include="ChairloaderGUIPlayerManager.h">
      <Filter>Chairloader</Filter>
    </ClInclude>
    <ClInclude Include="GUIUtils.h">
      <Filter>Chairloader</Filter>
    </ClInclude>
    <ClInclude Include="PerfOverlay.h">
      <Filter>Chairloader</Filter>
    </ClInclude>
    <ClInclude Include="Profiler.h">
      <Filter>Chairloader</Filter>
    </ClInclude>
    <ClInclude Include="Prey\CryThreading\IJobManager.h">
      <Filter>Prey\CryThreading</Filter>
    </ClInclude>
    <ClInclude Include="VTableHook.h">
      <Filter>Chairloader</Filter>
    </ClInclude>
    <ClInclude Include="ImGui\imgui_widget_flamegraph.h">
      <Filter>ImGui</Filter>
    </ClInclude>
    <ClInclude Include="Prey\CrySystem\Profiling.h">
      <Filter>Prey\CrySystem</Filter>
    </ClInclude>
  </ItemGroup>
  <ItemGroup>
    <ClCompile Include="PreyDllObjects.cpp">
      <Filter>Prey</Filter>
    </ClCompile>
    <ClCompile Include="PreyFunctions.cpp">
      <Filter>Prey</Filter>
    </ClCompile>
    <ClCompile Include="ChairloaderUtils.cpp">
      <Filter>Chairloader</Filter>
    </ClCompile>
    <ClCompile Include="dllmain.cpp">
      <Filter>Chairloader</Filter>
    </ClCompile>
    <ClCompile Include="mem.cpp">
      <Filter>Resource Files</Filter>
    </ClCompile>
    <ClCompile Include="proc.cpp">
      <Filter>Resource Files</Filter>
    </ClCompile>
    <ClCompile Include="ChairloaderGui.cpp">
      <Filter>Chairloader</Filter>
    </ClCompile>
    <ClCompile Include="pch.cpp">
      <Filter>Header Files</Filter>
    </ClCompile>
    <ClCompile Include="ChairLoader.cpp">
      <Filter>Chairloader</Filter>
    </ClCompile>
    <ClCompile Include="CharLoaderImGui.cpp">
      <Filter>Chairloader</Filter>
    </ClCompile>
    <ClCompile Include="PerfOverlay.cpp">
      <Filter>Chairloader</Filter>
    </ClCompile>
    <ClCompile Include="Profiler.cpp">
      <Filter>Chairloader</Filter>
    </ClCompile>
    <ClCompile Include="VTableHook.cpp">
      <Filter>Chairloader</Filter>
    </ClCompile>
    <ClCompile Include="ImGui\imgui_widget_flamegraph.cpp">
      <Filter>ImGui</Filter>
    </ClCompile>
  </ItemGroup>
  <ItemGroup>
    <Text Include="EntityArchetypesList.txt" />
    <Text Include="codeArchive.txt" />
  </ItemGroup>
  <ItemGroup>
    <Xml Include="..\x64\Release\chairloaderconfig.xml">
      <Filter>Chairloader</Filter>
    </Xml>
  </ItemGroup>
  <ItemGroup>
    <None Include="ClassDiagram.cd" />
  </ItemGroup>
</Project>