<?xml version="1.0" encoding="UTF-8"?>
<Project ToolsVersion="4.0" xmlns="http://schemas.microsoft.com/developer/msbuild/2003">
	<ItemGroup>
			<ClCompile Include="c:\Users\theli\Downloads\CRYENGINE-release\CRYENGINE-release\BinTemp\uber_files\CryMovie\CryMovie_uber_0.cpp">
				<Filter>Uber Files</Filter>
			</ClCompile>
			<ClCompile Include="c:\Users\theli\Downloads\CRYENGINE-release\CRYENGINE-release\BinTemp\uber_files\CryMovie\CryMovie_uber_1.cpp">
				<Filter>Uber Files</Filter>
			</ClCompile>
			<ClCompile Include="c:\Users\theli\Downloads\CRYENGINE-release\CRYENGINE-release\Code\CryEngine\CryMovie\AnimCameraNode.cpp">
				<Filter>Nodes</Filter>
			</ClCompile>
			<ClInclude Include="c:\Users\theli\Downloads\CRYENGINE-release\CRYENGINE-release\Code\CryEngine\CryMovie\AnimCameraNode.h">
				<Filter>Nodes</Filter>
			</ClInclude>
			<ClCompile Include="c:\Users\theli\Downloads\CRYENGINE-release\CRYENGINE-release\Code\CryEngine\CryMovie\AnimEnvironmentNode.cpp">
				<Filter>Nodes</Filter>
			</ClCompile>
			<ClInclude Include="c:\Users\theli\Downloads\CRYENGINE-release\CRYENGINE-release\Code\CryEngine\CryMovie\AnimEnvironmentNode.h">
				<Filter>Nodes</Filter>
			</ClInclude>
			<ClCompile Include="c:\Users\theli\Downloads\CRYENGINE-release\CRYENGINE-release\Code\CryEngine\CryMovie\AnimGeomCacheNode.cpp">
				<Filter>Nodes</Filter>
			</ClCompile>
			<ClInclude Include="c:\Users\theli\Downloads\CRYENGINE-release\CRYENGINE-release\Code\CryEngine\CryMovie\AnimGeomCacheNode.h">
				<Filter>Nodes</Filter>
			</ClInclude>
			<ClCompile Include="c:\Users\theli\Downloads\CRYENGINE-release\CRYENGINE-release\Code\CryEngine\CryMovie\AnimNode.cpp">
				<Filter>Nodes</Filter>
			</ClCompile>
			<ClInclude Include="c:\Users\theli\Downloads\CRYENGINE-release\CRYENGINE-release\Code\CryEngine\CryMovie\AnimNode.h">
				<Filter>Nodes</Filter>
			</ClInclude>
			<ClCompile Include="c:\Users\theli\Downloads\CRYENGINE-release\CRYENGINE-release\Code\CryEngine\CryMovie\AnimPostFXNode.cpp">
				<Filter>Nodes</Filter>
			</ClCompile>
			<ClInclude Include="c:\Users\theli\Downloads\CRYENGINE-release\CRYENGINE-release\Code\CryEngine\CryMovie\AnimPostFXNode.h">
				<Filter>Nodes</Filter>
			</ClInclude>
			<ClCompile Include="c:\Users\theli\Downloads\CRYENGINE-release\CRYENGINE-release\Code\CryEngine\CryMovie\AnimScreenFaderNode.cpp">
				<Filter>Nodes</Filter>
			</ClCompile>
			<ClInclude Include="c:\Users\theli\Downloads\CRYENGINE-release\CRYENGINE-release\Code\CryEngine\CryMovie\AnimScreenFaderNode.h">
				<Filter>Nodes</Filter>
			</ClInclude>
			<ClCompile Include="c:\Users\theli\Downloads\CRYENGINE-release\CRYENGINE-release\Code\CryEngine\CryMovie\AnimSequence.cpp">
				<Filter>Source Files</Filter>
			</ClCompile>
			<ClInclude Include="c:\Users\theli\Downloads\CRYENGINE-release\CRYENGINE-release\Code\CryEngine\CryMovie\AnimSequence.h">
				<Filter>Source Files</Filter>
			</ClInclude>
			<ClCompile Include="c:\Users\theli\Downloads\CRYENGINE-release\CRYENGINE-release\Code\CryEngine\CryMovie\AnimSplineTrack.cpp">
				<Filter>Tracks</Filter>
			</ClCompile>
			<ClInclude Include="c:\Users\theli\Downloads\CRYENGINE-release\CRYENGINE-release\Code\CryEngine\CryMovie\AnimSplineTrack.h">
				<Filter>Tracks</Filter>
			</ClInclude>
			<ClInclude Include="c:\Users\theli\Downloads\CRYENGINE-release\CRYENGINE-release\Code\CryEngine\CryMovie\AnimTrack.h">
				<Filter>Tracks</Filter>
			</ClInclude>
			<ClCompile Include="c:\Users\theli\Downloads\CRYENGINE-release\CRYENGINE-release\Code\CryEngine\CryMovie\BoolTrack.cpp">
				<Filter>Tracks</Filter>
			</ClCompile>
			<ClInclude Include="c:\Users\theli\Downloads\CRYENGINE-release\CRYENGINE-release\Code\CryEngine\CryMovie\BoolTrack.h">
				<Filter>Tracks</Filter>
			</ClInclude>
			<ClCompile Include="c:\Users\theli\Downloads\CRYENGINE-release\CRYENGINE-release\Code\CryEngine\CryMovie\CVarNode.cpp">
				<Filter>Nodes</Filter>
			</ClCompile>
			<ClInclude Include="c:\Users\theli\Downloads\CRYENGINE-release\CRYENGINE-release\Code\CryEngine\CryMovie\CVarNode.h">
				<Filter>Nodes</Filter>
			</ClInclude>
			<ClCompile Include="c:\Users\theli\Downloads\CRYENGINE-release\CRYENGINE-release\Code\CryEngine\CryMovie\CharacterTrack.cpp">
				<Filter>Tracks</Filter>
			</ClCompile>
			<ClInclude Include="c:\Users\theli\Downloads\CRYENGINE-release\CRYENGINE-release\Code\CryEngine\CryMovie\CharacterTrack.h">
				<Filter>Tracks</Filter>
			</ClInclude>
			<ClCompile Include="c:\Users\theli\Downloads\CRYENGINE-release\CRYENGINE-release\Code\CryEngine\CryMovie\CommentNode.cpp">
				<Filter>Nodes</Filter>
			</ClCompile>
			<ClInclude Include="c:\Users\theli\Downloads\CRYENGINE-release\CRYENGINE-release\Code\CryEngine\CryMovie\CommentNode.h">
				<Filter>Nodes</Filter>
			</ClInclude>
			<ClCompile Include="c:\Users\theli\Downloads\CRYENGINE-release\CRYENGINE-release\Code\CryEngine\CryMovie\CompoundSplineTrack.cpp">
				<Filter>Tracks</Filter>
			</ClCompile>
			<ClInclude Include="c:\Users\theli\Downloads\CRYENGINE-release\CRYENGINE-release\Code\CryEngine\CryMovie\CompoundSplineTrack.h">
				<Filter>Tracks</Filter>
			</ClInclude>
			<ClCompile Include="c:\Users\theli\Downloads\CRYENGINE-release\CRYENGINE-release\Code\CryEngine\CryMovie\CryMovie.cpp">
				<Filter>Source Files</Filter>
			</ClCompile>
			<ClInclude Include="c:\Users\theli\Downloads\CRYENGINE-release\CRYENGINE-release\Code\CryEngine\CryMovie\CryMovie.h">
				<Filter>Nodes</Filter>
			</ClInclude>
			<ClCompile Include="c:\Users\theli\Downloads\CRYENGINE-release\CRYENGINE-release\Code\CryEngine\CryMovie\EntityNode.cpp">
				<Filter>Nodes</Filter>
			</ClCompile>
			<ClInclude Include="c:\Users\theli\Downloads\CRYENGINE-release\CRYENGINE-release\Code\CryEngine\CryMovie\EntityNode.h">
				<Filter>Nodes</Filter>
			</ClInclude>
			<ClCompile Include="c:\Users\theli\Downloads\CRYENGINE-release\CRYENGINE-release\Code\CryEngine\CryMovie\EventNode.cpp">
				<Filter>Nodes</Filter>
			</ClCompile>
			<ClInclude Include="c:\Users\theli\Downloads\CRYENGINE-release\CRYENGINE-release\Code\CryEngine\CryMovie\EventNode.h">
				<Filter>Nodes</Filter>
			</ClInclude>
			<ClCompile Include="c:\Users\theli\Downloads\CRYENGINE-release\CRYENGINE-release\Code\CryEngine\CryMovie\GotoTrack.cpp">
				<Filter>Tracks</Filter>
			</ClCompile>
			<ClInclude Include="c:\Users\theli\Downloads\CRYENGINE-release\CRYENGINE-release\Code\CryEngine\CryMovie\GotoTrack.h">
				<Filter>Tracks</Filter>
			</ClInclude>
			<ClCompile Include="c:\Users\theli\Downloads\CRYENGINE-release\CRYENGINE-release\Code\CryEngine\CryMovie\LayerNode.cpp">
				<Filter>Nodes</Filter>
			</ClCompile>
			<ClInclude Include="c:\Users\theli\Downloads\CRYENGINE-release\CRYENGINE-release\Code\CryEngine\CryMovie\LayerNode.h">
				<Filter>Nodes</Filter>
			</ClInclude>
			<ClCompile Include="c:\Users\theli\Downloads\CRYENGINE-release\CRYENGINE-release\Code\CryEngine\CryMovie\LookAtTrack.cpp">
				<Filter>Tracks</Filter>
			</ClCompile>
			<ClInclude Include="c:\Users\theli\Downloads\CRYENGINE-release\CRYENGINE-release\Code\CryEngine\CryMovie\LookAtTrack.h">
				<Filter>Tracks</Filter>
			</ClInclude>
			<ClCompile Include="c:\Users\theli\Downloads\CRYENGINE-release\CRYENGINE-release\Code\CryEngine\CryMovie\MaterialNode.cpp">
				<Filter>Nodes</Filter>
			</ClCompile>
			<ClInclude Include="c:\Users\theli\Downloads\CRYENGINE-release\CRYENGINE-release\Code\CryEngine\CryMovie\MaterialNode.h">
				<Filter>Nodes</Filter>
			</ClInclude>
			<ClCompile Include="c:\Users\theli\Downloads\CRYENGINE-release\CRYENGINE-release\Code\CryEngine\CryMovie\Movie.cpp">
				<Filter>Source Files</Filter>
			</ClCompile>
			<ClInclude Include="c:\Users\theli\Downloads\CRYENGINE-release\CRYENGINE-release\Code\CryEngine\CryMovie\Movie.h">
				<Filter>Source Files</Filter>
			</ClInclude>
			<ClCompile Include="c:\Users\theli\Downloads\CRYENGINE-release\CRYENGINE-release\Code\CryEngine\CryMovie\SceneNode.cpp">
				<Filter>Nodes</Filter>
			</ClCompile>
			<ClInclude Include="c:\Users\theli\Downloads\CRYENGINE-release\CRYENGINE-release\Code\CryEngine\CryMovie\SceneNode.h">
				<Filter>Nodes</Filter>
			</ClInclude>
			<ClCompile Include="c:\Users\theli\Downloads\CRYENGINE-release\CRYENGINE-release\Code\CryEngine\CryMovie\ScreenFaderTrack.cpp">
				<Filter>Tracks</Filter>
			</ClCompile>
			<ClInclude Include="c:\Users\theli\Downloads\CRYENGINE-release\CRYENGINE-release\Code\CryEngine\CryMovie\ScreenFaderTrack.h">
				<Filter>Tracks</Filter>
			</ClInclude>
			<ClCompile Include="c:\Users\theli\Downloads\CRYENGINE-release\CRYENGINE-release\Code\CryEngine\CryMovie\ScriptVarNode.cpp">
				<Filter>Nodes</Filter>
			</ClCompile>
			<ClInclude Include="c:\Users\theli\Downloads\CRYENGINE-release\CRYENGINE-release\Code\CryEngine\CryMovie\ScriptVarNode.h">
				<Filter>Nodes</Filter>
			</ClInclude>
			<ClCompile Include="c:\Users\theli\Downloads\CRYENGINE-release\CRYENGINE-release\Code\CryEngine\CryMovie\ShadowsSetupNode.cpp">
				<Filter>Nodes</Filter>
			</ClCompile>
			<ClInclude Include="c:\Users\theli\Downloads\CRYENGINE-release\CRYENGINE-release\Code\CryEngine\CryMovie\ShadowsSetupNode.h">
				<Filter>Nodes</Filter>
			</ClInclude>
			<ClCompile Include="c:\Users\theli\Downloads\CRYENGINE-release\CRYENGINE-release\Code\CryEngine\CryMovie\StdAfx.cpp">
			</ClCompile>
			<ClInclude Include="c:\Users\theli\Downloads\CRYENGINE-release\CRYENGINE-release\Code\CryEngine\CryMovie\StdAfx.h">
			</ClInclude>
			<ClCompile Include="c:\Users\theli\Downloads\CRYENGINE-release\CRYENGINE-release\Code\CryEngine\CryMovie\TimeRangesTrack.cpp">
				<Filter>Tracks</Filter>
			</ClCompile>
			<ClInclude Include="c:\Users\theli\Downloads\CRYENGINE-release\CRYENGINE-release\Code\CryEngine\CryMovie\TimeRangesTrack.h">
				<Filter>Tracks</Filter>
			</ClInclude>
			<ClInclude Include="c:\Users\theli\Downloads\CRYENGINE-release\CRYENGINE-release\Code\CryEngine\CryMovie\Tracks.h">
				<Filter>Tracks</Filter>
			</ClInclude>
			<ClInclude Include="c:\Users\theli\Downloads\CRYENGINE-release\CRYENGINE-release\Code\CryEngine\CryMovie\crymovie.waf_files">
				<Filter>_WAF_</Filter>
			</ClInclude>
			<ClInclude Include="c:\Users\theli\Downloads\CRYENGINE-release\CRYENGINE-release\Code\CryEngine\CryMovie\resource.h">
			</ClInclude>
			<ClInclude Include="c:\Users\theli\Downloads\CRYENGINE-release\CRYENGINE-release\Code\CryEngine\CryMovie\wscript">
				<Filter>_WAF_</Filter>
			</ClInclude>
	</ItemGroup>
	<ItemGroup>
			<Filter Include="Nodes">
				<UniqueIdentifier>{187C6AD3-A74C-493A-86C2-229D398E383E}</UniqueIdentifier>
			</Filter>
			<Filter Include="Uber Files">
				<UniqueIdentifier>{1A8E5137-C0CF-4A7A-8E7E-EE0B26E0BD8E}</UniqueIdentifier>
			</Filter>
			<Filter Include="Tracks">
				<UniqueIdentifier>{259E64C6-1D5D-4036-A64A-E826072CAFC0}</UniqueIdentifier>
			</Filter>
			<Filter Include="Source Files">
				<UniqueIdentifier>{BA03E055-4FA2-4CE3-8A1C-D348547D379C}</UniqueIdentifier>
			</Filter>
			<Filter Include="_WAF_">
				<UniqueIdentifier>{88F32D28-D9A2-467A-82CE-4D592F9E94FE}</UniqueIdentifier>
			</Filter>
	</ItemGroup>
</Project>
